
Microsoft Visual Studio Solution File, Format Version 12.00
# Visual Studio 15
VisualStudioVersion = 15.0.28010.2016
MinimumVisualStudioVersion = 10.0.40219.1
Project("{FAE04EC0-301F-11D3-BF4B-00C04F79EFBC}") = "POSApp", "POSApp\POSApp.csproj", "{36903BBB-D35D-446B-B11D-D92A1A804A4B}"
EndProject
Project("{FAE04EC0-301F-11D3-BF4B-00C04F79EFBC}") = "WeeklyMail", "WeeklyMail\WeeklyMail.csproj", "{E6281342-F6AC-4312-B196-75226C107C40}"
EndProject
Global
	GlobalSection(SolutionConfigurationPlatforms) = preSolution
		Debug|Any CPU = Debug|Any CPU
		Release|Any CPU = Release|Any CPU
	EndGlobalSection
	GlobalSection(ProjectConfigurationPlatforms) = postSolution
		{36903BBB-D35D-446B-B11D-D92A1A804A4B}.Debug|Any CPU.ActiveCfg = Release|Any CPU
		{36903BBB-D35D-446B-B11D-D92A1A804A4B}.Debug|Any CPU.Build.0 = Release|Any CPU
		{36903BBB-D35D-446B-B11D-D92A1A804A4B}.Release|Any CPU.ActiveCfg = Release|Any CPU
		{36903BBB-D35D-446B-B11D-D92A1A804A4B}.Release|Any CPU.Build.0 = Release|Any CPU
		{E6281342-F6AC-4312-B196-75226C107C40}.Debug|Any CPU.ActiveCfg = Release|Any CPU
		{E6281342-F6AC-4312-B196-75226C107C40}.Debug|Any CPU.Build.0 = Release|Any CPU
		{E6281342-F6AC-4312-B196-75226C107C40}.Release|Any CPU.ActiveCfg = Release|Any CPU
		{E6281342-F6AC-4312-B196-75226C107C40}.Release|Any CPU.Build.0 = Release|Any CPU
	EndGlobalSection
	GlobalSection(SolutionProperties) = preSolution
		HideSolutionNode = FALSE
	EndGlobalSection
	GlobalSection(ExtensibilityGlobals) = postSolution
		SolutionGuid = {54A8DBFE-2DC6-40AA-B25D-65970B51F2A8}
	EndGlobalSection
EndGlobal
